// !$*UTF8*$!
{
	archiveVersion = 1;
	classes = {
	};
	objectVersion = 46;
	objects = {

/* Begin PBXBuildFile section */
		12CAD7881EDB9E4B00E40C48 /* AppDelegate.swift in Sources */ = {isa = PBXBuildFile; fileRef = 12CAD7801EDB9E4B00E40C48 /* AppDelegate.swift */; };
		12CAD7891EDB9E4B00E40C48 /* Assets.xcassets in Resources */ = {isa = PBXBuildFile; fileRef = 12CAD7811EDB9E4B00E40C48 /* Assets.xcassets */; };
		12CAD78A1EDB9E4B00E40C48 /* LaunchScreen.storyboard in Resources */ = {isa = PBXBuildFile; fileRef = 12CAD7821EDB9E4B00E40C48 /* LaunchScreen.storyboard */; };
		12CAD78B1EDB9E4B00E40C48 /* Main.storyboard in Resources */ = {isa = PBXBuildFile; fileRef = 12CAD7841EDB9E4B00E40C48 /* Main.storyboard */; };
		12CAD78D1EDB9E4B00E40C48 /* ViewController.swift in Sources */ = {isa = PBXBuildFile; fileRef = 12CAD7871EDB9E4B00E40C48 /* ViewController.swift */; };
		12CAD7901EDB9E6D00E40C48 /* BTStatusBar.swift in Sources */ = {isa = PBXBuildFile; fileRef = 12CAD78F1EDB9E6D00E40C48 /* BTStatusBar.swift */; };
		12CAD7921EDB9E8D00E40C48 /* BTStatusBarGradientView.swift in Sources */ = {isa = PBXBuildFile; fileRef = 12CAD7911EDB9E8D00E40C48 /* BTStatusBarGradientView.swift */; };
		12CAD7941EDB9ECC00E40C48 /* BTLayoutHelper.swift in Sources */ = {isa = PBXBuildFile; fileRef = 12CAD7931EDB9ECC00E40C48 /* BTLayoutHelper.swift */; };
/* End PBXBuildFile section */

/* Begin PBXFileReference section */
		12CAD76A1EDB9E3200E40C48 /* BTStatusBar.app */ = {isa = PBXFileReference; explicitFileType = wrapper.application; includeInIndex = 0; path = BTStatusBar.app; sourceTree = BUILT_PRODUCTS_DIR; };
		12CAD7801EDB9E4B00E40C48 /* AppDelegate.swift */ = {isa = PBXFileReference; fileEncoding = 4; lastKnownFileType = sourcecode.swift; path = AppDelegate.swift; sourceTree = "<group>"; };
		12CAD7811EDB9E4B00E40C48 /* Assets.xcassets */ = {isa = PBXFileReference; lastKnownFileType = folder.assetcatalog; path = Assets.xcassets; sourceTree = "<group>"; };
		12CAD7831EDB9E4B00E40C48 /* Base */ = {isa = PBXFileReference; lastKnownFileType = file.storyboard; name = Base; path = Base.lproj/LaunchScreen.storyboard; sourceTree = "<group>"; };
		12CAD7851EDB9E4B00E40C48 /* Base */ = {isa = PBXFileReference; lastKnownFileType = file.storyboard; name = Base; path = Base.lproj/Main.storyboard; sourceTree = "<group>"; };
		12CAD7861EDB9E4B00E40C48 /* Info.plist */ = {isa = PBXFileReference; fileEncoding = 4; lastKnownFileType = text.plist.xml; path = Info.plist; sourceTree = "<group>"; };
		12CAD7871EDB9E4B00E40C48 /* ViewController.swift */ = {isa = PBXFileReference; fileEncoding = 4; lastKnownFileType = sourcecode.swift; path = ViewController.swift; sourceTree = "<group>"; };
		12CAD78F1EDB9E6D00E40C48 /* BTStatusBar.swift */ = {isa = PBXFileReference; fileEncoding = 4; lastKnownFileType = sourcecode.swift; path = BTStatusBar.swift; sourceTree = "<group>"; };
		12CAD7911EDB9E8D00E40C48 /* BTStatusBarGradientView.swift */ = {isa = PBXFileReference; fileEncoding = 4; lastKnownFileType = sourcecode.swift; path = BTStatusBarGradientView.swift; sourceTree = "<group>"; };
		12CAD7931EDB9ECC00E40C48 /* BTLayoutHelper.swift */ = {isa = PBXFileReference; fileEncoding = 4; lastKnownFileType = sourcecode.swift; path = BTLayoutHelper.swift; sourceTree = "<group>"; };
/* End PBXFileReference section */

/* Begin PBXFrameworksBuildPhase section */
		12CAD7671EDB9E3200E40C48 /* Frameworks */ = {
			isa = PBXFrameworksBuildPhase;
			buildActionMask = 2147483647;
			files = (
			);
			runOnlyForDeploymentPostprocessing = 0;
		};
/* End PBXFrameworksBuildPhase section */

/* Begin PBXGroup section */
		12CAD7611EDB9E3200E40C48 = {
			isa = PBXGroup;
			children = (
				12CAD78E1EDB9E5900E40C48 /* Source */,
				12CAD77F1EDB9E4B00E40C48 /* Example */,
				12CAD76B1EDB9E3200E40C48 /* Products */,
			);
			sourceTree = "<group>";
		};
		12CAD76B1EDB9E3200E40C48 /* Products */ = {
			isa = PBXGroup;
			children = (
				12CAD76A1EDB9E3200E40C48 /* BTStatusBar.app */,
			);
			name = Products;
			sourceTree = "<group>";
		};
		12CAD77F1EDB9E4B00E40C48 /* Example */ = {
			isa = PBXGroup;
			children = (
				12CAD7801EDB9E4B00E40C48 /* AppDelegate.swift */,
				12CAD7871EDB9E4B00E40C48 /* ViewController.swift */,
				12CAD7811EDB9E4B00E40C48 /* Assets.xcassets */,
				12CAD7821EDB9E4B00E40C48 /* LaunchScreen.storyboard */,
				12CAD7841EDB9E4B00E40C48 /* Main.storyboard */,
				12CAD7861EDB9E4B00E40C48 /* Info.plist */,
			);
			path = Example;
			sourceTree = "<group>";
		};
		12CAD78E1EDB9E5900E40C48 /* Source */ = {
			isa = PBXGroup;
			children = (
				12CAD78F1EDB9E6D00E40C48 /* BTStatusBar.swift */,
				12CAD7911EDB9E8D00E40C48 /* BTStatusBarGradientView.swift */,
				12CAD7931EDB9ECC00E40C48 /* BTLayoutHelper.swift */,
			);
			path = Source;
			sourceTree = "<group>";
		};
/* End PBXGroup section */

/* Begin PBXNativeTarget section */
		12CAD7691EDB9E3200E40C48 /* BTStatusBar */ = {
			isa = PBXNativeTarget;
			buildConfigurationList = 12CAD77C1EDB9E3200E40C48 /* Build configuration list for PBXNativeTarget "BTStatusBar" */;
			buildPhases = (
				12CAD7661EDB9E3200E40C48 /* Sources */,
				12CAD7671EDB9E3200E40C48 /* Frameworks */,
				12CAD7681EDB9E3200E40C48 /* Resources */,
			);
			buildRules = (
			);
			dependencies = (
			);
			name = BTStatusBar;
			productName = BTStatusBar;
			productReference = 12CAD76A1EDB9E3200E40C48 /* BTStatusBar.app */;
			productType = "com.apple.product-type.application";
		};
/* End PBXNativeTarget section */

/* Begin PBXProject section */
		12CAD7621EDB9E3200E40C48 /* Project object */ = {
			isa = PBXProject;
			attributes = {
				LastSwiftUpdateCheck = 0830;
				LastUpgradeCheck = 0830;
				ORGANIZATIONNAME = Modoki;
				TargetAttributes = {
					12CAD7691EDB9E3200E40C48 = {
						CreatedOnToolsVersion = 8.3.2;
						DevelopmentTeam = SL8E63CST5;
						ProvisioningStyle = Automatic;
					};
				};
			};
			buildConfigurationList = 12CAD7651EDB9E3200E40C48 /* Build configuration list for PBXProject "BTStatusBar" */;
			compatibilityVersion = "Xcode 3.2";
			developmentRegion = English;
			hasScannedForEncodings = 0;
			knownRegions = (
				en,
				Base,
			);
			mainGroup = 12CAD7611EDB9E3200E40C48;
			productRefGroup = 12CAD76B1EDB9E3200E40C48 /* Products */;
			projectDirPath = "";
			projectRoot = "";
			targets = (
				12CAD7691EDB9E3200E40C48 /* BTStatusBar */,
			);
		};
/* End PBXProject section */

/* Begin PBXResourcesBuildPhase section */
		12CAD7681EDB9E3200E40C48 /* Resources */ = {
			isa = PBXResourcesBuildPhase;
			buildActionMask = 2147483647;
			files = (
				12CAD78B1EDB9E4B00E40C48 /* Main.storyboard in Resources */,
				12CAD7891EDB9E4B00E40C48 /* Assets.xcassets in Resources */,
				12CAD78A1EDB9E4B00E40C48 /* LaunchScreen.storyboard in Resources */,
			);
			runOnlyForDeploymentPostprocessing = 0;
		};
/* End PBXResourcesBuildPhase section */

/* Begin PBXSourcesBuildPhase section */
		12CAD7661EDB9E3200E40C48 /* Sources */ = {
			isa = PBXSourcesBuildPhase;
			buildActionMask = 2147483647;
			files = (
				12CAD7941EDB9ECC00E40C48 /* BTLayoutHelper.swift in Sources */,
				12CAD7921EDB9E8D00E40C48 /* BTStatusBarGradientView.swift in Sources */,
				12CAD7901EDB9E6D00E40C48 /* BTStatusBar.swift in Sources */,
				12CAD78D1EDB9E4B00E40C48 /* ViewController.swift in Sources */,
				12CAD7881EDB9E4B00E40C48 /* AppDelegate.swift in Sources */,
			);
			runOnlyForDeploymentPostprocessing = 0;
		};
/* End PBXSourcesBuildPhase section */

/* Begin PBXVariantGroup section */
		12CAD7821EDB9E4B00E40C48 /* LaunchScreen.storyboard */ = {
			isa = PBXVariantGroup;
			children = (
				12CAD7831EDB9E4B00E40C48 /* Base */,
			);
			name = LaunchScreen.storyboard;
			sourceTree = "<group>";
		};
		12CAD7841EDB9E4B00E40C48 /* Main.storyboard */ = {
			isa = PBXVariantGroup;
			children = (
				12CAD7851EDB9E4B00E40C48 /* Base */,
			);
			name = Main.storyboard;
			sourceTree = "<group>";
		};
/* End PBXVariantGroup section */

/* Begin XCBuildConfiguration section */
		12CAD77A1EDB9E3200E40C48 /* Debug */ = {
			isa = XCBuildConfiguration;
			buildSettings = {
				ALWAYS_SEARCH_USER_PATHS = NO;
				CLANG_ANALYZER_NONNULL = YES;
				CLANG_ANALYZER_NUMBER_OBJECT_CONVERSION = YES_AGGRESSIVE;
				CLANG_CXX_LANGUAGE_STANDARD = "gnu++0x";
				CLANG_CXX_LIBRARY = "libc++";
				CLANG_ENABLE_MODULES = YES;
				CLANG_ENABLE_OBJC_ARC = YES;
				CLANG_WARN_BOOL_CONVERSION = YES;
				CLANG_WARN_CONSTANT_CONVERSION = YES;
				CLANG_WARN_DIRECT_OBJC_ISA_USAGE = YES_ERROR;
				CLANG_WARN_DOCUMENTATION_COMMENTS = YES;
				CLANG_WARN_EMPTY_BODY = YES;
				CLANG_WARN_ENUM_CONVERSION = YES;
				CLANG_WARN_INFINITE_RECURSION = YES;
				CLANG_WARN_INT_CONVERSION = YES;
				CLANG_WARN_OBJC_ROOT_CLASS = YES_ERROR;
				CLANG_WARN_SUSPICIOUS_MOVE = YES;
				CLANG_WARN_UNREACHABLE_CODE = YES;
				CLANG_WARN__DUPLICATE_METHOD_MATCH = YES;
				"CODE_SIGN_IDENTITY[sdk=iphoneos*]" = "iPhone Developer";
				COPY_PHASE_STRIP = NO;
				DEBUG_INFORMATION_FORMAT = dwarf;
				ENABLE_STRICT_OBJC_MSGSEND = YES;
				ENABLE_TESTABILITY = YES;
				GCC_C_LANGUAGE_STANDARD = gnu99;
				GCC_DYNAMIC_NO_PIC = NO;
				GCC_NO_COMMON_BLOCKS = YES;
				GCC_OPTIMIZATION_LEVEL = 0;
				GCC_PREPROCESSOR_DEFINITIONS = (
					"DEBUG=1",
					"$(inherited)",
				);
				GCC_WARN_64_TO_32_BIT_CONVERSION = YES;
				GCC_WARN_ABOUT_RETURN_TYPE = YES_ERROR;
				GCC_WARN_UNDECLARED_SELECTOR = YES;
				GCC_WARN_UNINITIALIZED_AUTOS = YES_AGGRESSIVE;
				GCC_WARN_UNUSED_FUNCTION = YES;
				GCC_WARN_UNUSED_VARIABLE = YES;
				IPHONEOS_DEPLOYMENT_TARGET = 10.3;
				MTL_ENABLE_DEBUG_INFO = YES;
				ONLY_ACTIVE_ARCH = YES;
				SDKROOT = iphoneos;
				SWIFT_ACTIVE_COMPILATION_CONDITIONS = DEBUG;
				SWIFT_OPTIMIZATION_LEVEL = "-Onone";
			};
			name = Debug;
		};
		12CAD77B1EDB9E3200E40C48 /* Release */ = {
			isa = XCBuildConfiguration;
			buildSettings = {
				ALWAYS_SEARCH_USER_PATHS = NO;
				CLANG_ANALYZER_NONNULL = YES;
				CLANG_ANALYZER_NUMBER_OBJECT_CONVERSION = YES_AGGRESSIVE;
				CLANG_CXX_LANGUAGE_STANDARD = "gnu++0x";
				CLANG_CXX_LIBRARY = "libc++";
				CLANG_ENABLE_MODULES = YES;
				CLANG_ENABLE_OBJC_ARC = YES;
				CLANG_WARN_BOOL_CONVERSION = YES;
				CLANG_WARN_CONSTANT_CONVERSION = YES;
				CLANG_WARN_DIRECT_OBJC_ISA_USAGE = YES_ERROR;
				CLANG_WARN_DOCUMENTATION_COMMENTS = YES;
				CLANG_WARN_EMPTY_BODY = YES;
				CLANG_WARN_ENUM_CONVERSION = YES;
				CLANG_WARN_INFINITE_RECURSION = YES;
				CLANG_WARN_INT_CONVERSION = YES;
				CLANG_WARN_OBJC_ROOT_CLASS = YES_ERROR;
				CLANG_WARN_SUSPICIOUS_MOVE = YES;
				CLANG_WARN_UNREACHABLE_CODE = YES;
				CLANG_WARN__DUPLICATE_METHOD_MATCH = YES;
				"CODE_SIGN_IDENTITY[sdk=iphoneos*]" = "iPhone Developer";
				COPY_PHASE_STRIP = NO;
				DEBUG_INFORMATION_FORMAT = "dwarf-with-dsym";
				ENABLE_NS_ASSERTIONS = NO;
				ENABLE_STRICT_OBJC_MSGSEND = YES;
				GCC_C_LANGUAGE_STANDARD = gnu99;
				GCC_NO_COMMON_BLOCKS = YES;
				GCC_WARN_64_TO_32_BIT_CONVERSION = YES;
				GCC_WARN_ABOUT_RETURN_TYPE = YES_ERROR;
				GCC_WARN_UNDECLARED_SELECTOR = YES;
				GCC_WARN_UNINITIALIZED_AUTOS = YES_AGGRESSIVE;
				GCC_WARN_UNUSED_FUNCTION = YES;
				GCC_WARN_UNUSED_VARIABLE = YES;
				IPHONEOS_DEPLOYMENT_TARGET = 10.3;
				MTL_ENABLE_DEBUG_INFO = NO;
				SDKROOT = iphoneos;
				SWIFT_OPTIMIZATION_LEVEL = "-Owholemodule";
				VALIDATE_PRODUCT = YES;
			};
			name = Release;
		};
		12CAD77D1EDB9E3200E40C48 /* Debug */ = {
			isa = XCBuildConfiguration;
			buildSettings = {
				ASSETCATALOG_COMPILER_APPICON_NAME = AppIcon;
				DEVELOPMENT_TEAM = SL8E63CST5;
				INFOPLIST_FILE = "$(SRCROOT)/Example/Info.plist";
				LD_RUNPATH_SEARCH_PATHS = "$(inherited) @executable_path/Frameworks";
				PRODUCT_BUNDLE_IDENTIFIER = com.modoki.BTStatusBar;
				PRODUCT_NAME = "$(TARGET_NAME)";
				SWIFT_VERSION = 3.0;
			};
			name = Debug;
		};
		12CAD77E1EDB9E3200E40C48 /* Release */ = {
			isa = XCBuildConfiguration;
			buildSettings = {
				ASSETCATALOG_COMPILER_APPICON_NAME = AppIcon;
				DEVELOPMENT_TEAM = SL8E63CST5;
				INFOPLIST_FILE = "$(SRCROOT)/Example/Info.plist";
				LD_RUNPATH_SEARCH_PATHS = "$(inherited) @executable_path/Frameworks";
				PRODUCT_BUNDLE_IDENTIFIER = com.modoki.BTStatusBar;
				PRODUCT_NAME = "$(TARGET_NAME)";
				SWIFT_VERSION = 3.0;
			};
			name = Release;
		};
/* End XCBuildConfiguration section */

/* Begin XCConfigurationList section */
		12CAD7651EDB9E3200E40C48 /* Build configuration list for PBXProject "BTStatusBar" */ = {
			isa = XCConfigurationList;
			buildConfigurations = (
				12CAD77A1EDB9E3200E40C48 /* Debug */,
				12CAD77B1EDB9E3200E40C48 /* Release */,
			);
			defaultConfigurationIsVisible = 0;
			defaultConfigurationName = Release;
		};
		12CAD77C1EDB9E3200E40C48 /* Build configuration list for PBXNativeTarget "BTStatusBar" */ = {
			isa = XCConfigurationList;
			buildConfigurations = (
				12CAD77D1EDB9E3200E40C48 /* Debug */,
				12CAD77E1EDB9E3200E40C48 /* Release */,
			);
			defaultConfigurationIsVisible = 0;
		};
/* End XCConfigurationList section */
	};
	rootObject = 12CAD7621EDB9E3200E40C48 /* Project object */;
}
